// !$*UTF8*$!
{
	archiveVersion = 1;
	classes = {
	};
	objectVersion = 46;
	objects = {

/* Begin PBXBuildFile section */
		C0A15E791D48428C003E3491 /* main.m in Sources */ = {isa = PBXBuildFile; fileRef = C0A15E781D48428C003E3491 /* main.m */; };
		C0A15E7C1D48428C003E3491 /* AppDelegate.m in Sources */ = {isa = PBXBuildFile; fileRef = C0A15E7B1D48428C003E3491 /* AppDelegate.m */; };
		C0A15E7F1D48428C003E3491 /* ViewController.m in Sources */ = {isa = PBXBuildFile; fileRef = C0A15E7E1D48428C003E3491 /* ViewController.m */; };
		C0A15E821D48428C003E3491 /* Main.storyboard in Resources */ = {isa = PBXBuildFile; fileRef = C0A15E801D48428C003E3491 /* Main.storyboard */; };
		C0A15E841D48428C003E3491 /* Assets.xcassets in Resources */ = {isa = PBXBuildFile; fileRef = C0A15E831D48428C003E3491 /* Assets.xcassets */; };
		C0A15E871D48428C003E3491 /* LaunchScreen.storyboard in Resources */ = {isa = PBXBuildFile; fileRef = C0A15E851D48428C003E3491 /* LaunchScreen.storyboard */; };
		C0A15E921D48428C003E3491 /* GrossmanTom3aTests.m in Sources */ = {isa = PBXBuildFile; fileRef = C0A15E911D48428C003E3491 /* GrossmanTom3aTests.m */; };
		C0A15E9D1D48428C003E3491 /* GrossmanTom3aUITests.m in Sources */ = {isa = PBXBuildFile; fileRef = C0A15E9C1D48428C003E3491 /* GrossmanTom3aUITests.m */; };
		C0A15EAC1D484382003E3491 /* AddressCard.m in Sources */ = {isa = PBXBuildFile; fileRef = C0A15EAB1D484382003E3491 /* AddressCard.m */; };
/* End PBXBuildFile section */

/* Begin PBXContainerItemProxy section */
		C0A15E8E1D48428C003E3491 /* PBXContainerItemProxy */ = {
			isa = PBXContainerItemProxy;
			containerPortal = C0A15E6C1D48428C003E3491 /* Project object */;
			proxyType = 1;
			remoteGlobalIDString = C0A15E731D48428C003E3491;
			remoteInfo = GrossmanTom3a;
		};
		C0A15E991D48428C003E3491 /* PBXContainerItemProxy */ = {
			isa = PBXContainerItemProxy;
			containerPortal = C0A15E6C1D48428C003E3491 /* Project object */;
			proxyType = 1;
			remoteGlobalIDString = C0A15E731D48428C003E3491;
			remoteInfo = GrossmanTom3a;
		};
/* End PBXContainerItemProxy section */

/* Begin PBXFileReference section */
		C0A15E741D48428C003E3491 /* GrossmanTom3a.app */ = {isa = PBXFileReference; explicitFileType = wrapper.application; includeInIndex = 0; path = GrossmanTom3a.app; sourceTree = BUILT_PRODUCTS_DIR; };
		C0A15E781D48428C003E3491 /* main.m */ = {isa = PBXFileReference; lastKnownFileType = sourcecode.c.objc; path = main.m; sourceTree = "<group>"; };
		C0A15E7A1D48428C003E3491 /* AppDelegate.h */ = {isa = PBXFileReference; lastKnownFileType = sourcecode.c.h; path = AppDelegate.h; sourceTree = "<group>"; };
		C0A15E7B1D48428C003E3491 /* AppDelegate.m */ = {isa = PBXFileReference; lastKnownFileType = sourcecode.c.objc; path = AppDelegate.m; sourceTree = "<group>"; };
		C0A15E7D1D48428C003E3491 /* ViewController.h */ = {isa = PBXFileReference; lastKnownFileType = sourcecode.c.h; path = ViewController.h; sourceTree = "<group>"; };
		C0A15E7E1D48428C003E3491 /* ViewController.m */ = {isa = PBXFileReference; lastKnownFileType = sourcecode.c.objc; path = ViewController.m; sourceTree = "<group>"; };
		C0A15E811D48428C003E3491 /* Base */ = {isa = PBXFileReference; lastKnownFileType = file.storyboard; name = Base; path = Base.lproj/Main.storyboard; sourceTree = "<group>"; };
		C0A15E831D48428C003E3491 /* Assets.xcassets */ = {isa = PBXFileReference; lastKnownFileType = folder.assetcatalog; path = Assets.xcassets; sourceTree = "<group>"; };
		C0A15E861D48428C003E3491 /* Base */ = {isa = PBXFileReference; lastKnownFileType = file.storyboard; name = Base; path = Base.lproj/LaunchScreen.storyboard; sourceTree = "<group>"; };
		C0A15E881D48428C003E3491 /* Info.plist */ = {isa = PBXFileReference; lastKnownFileType = text.plist.xml; path = Info.plist; sourceTree = "<group>"; };
		C0A15E8D1D48428C003E3491 /* GrossmanTom3aTests.xctest */ = {isa = PBXFileReference; explicitFileType = wrapper.cfbundle; includeInIndex = 0; path = GrossmanTom3aTests.xctest; sourceTree = BUILT_PRODUCTS_DIR; };
		C0A15E911D48428C003E3491 /* GrossmanTom3aTests.m */ = {isa = PBXFileReference; lastKnownFileType = sourcecode.c.objc; path = GrossmanTom3aTests.m; sourceTree = "<group>"; };
		C0A15E931D48428C003E3491 /* Info.plist */ = {isa = PBXFileReference; lastKnownFileType = text.plist.xml; path = Info.plist; sourceTree = "<group>"; };
		C0A15E981D48428C003E3491 /* GrossmanTom3aUITests.xctest */ = {isa = PBXFileReference; explicitFileType = wrapper.cfbundle; includeInIndex = 0; path = GrossmanTom3aUITests.xctest; sourceTree = BUILT_PRODUCTS_DIR; };
		C0A15E9C1D48428C003E3491 /* GrossmanTom3aUITests.m */ = {isa = PBXFileReference; lastKnownFileType = sourcecode.c.objc; path = GrossmanTom3aUITests.m; sourceTree = "<group>"; };
		C0A15E9E1D48428C003E3491 /* Info.plist */ = {isa = PBXFileReference; lastKnownFileType = text.plist.xml; path = Info.plist; sourceTree = "<group>"; };
		C0A15EAA1D484382003E3491 /* AddressCard.h */ = {isa = PBXFileReference; fileEncoding = 4; lastKnownFileType = sourcecode.c.h; path = AddressCard.h; sourceTree = "<group>"; };
		C0A15EAB1D484382003E3491 /* AddressCard.m */ = {isa = PBXFileReference; fileEncoding = 4; lastKnownFileType = sourcecode.c.objc; path = AddressCard.m; sourceTree = "<group>"; };
/* End PBXFileReference section */

/* Begin PBXFrameworksBuildPhase section */
		C0A15E711D48428C003E3491 /* Frameworks */ = {
			isa = PBXFrameworksBuildPhase;
			buildActionMask = 2147483647;
			files = (
			);
			runOnlyForDeploymentPostprocessing = 0;
		};
		C0A15E8A1D48428C003E3491 /* Frameworks */ = {
			isa = PBXFrameworksBuildPhase;
			buildActionMask = 2147483647;
			files = (
			);
			runOnlyForDeploymentPostprocessing = 0;
		};
		C0A15E951D48428C003E3491 /* Frameworks */ = {
			isa = PBXFrameworksBuildPhase;
			buildActionMask = 2147483647;
			files = (
			);
			runOnlyForDeploymentPostprocessing = 0;
		};
/* End PBXFrameworksBuildPhase section */

/* Begin PBXGroup section */
		C0A15E6B1D48428C003E3491 = {
			isa = PBXGroup;
			children = (
				C0A15EAA1D484382003E3491 /* AddressCard.h */,
				C0A15EAB1D484382003E3491 /* AddressCard.m */,
				C0A15E761D48428C003E3491 /* GrossmanTom3a */,
				C0A15E901D48428C003E3491 /* GrossmanTom3aTests */,
				C0A15E9B1D48428C003E3491 /* GrossmanTom3aUITests */,
				C0A15E751D48428C003E3491 /* Products */,
			);
			sourceTree = "<group>";
		};
		C0A15E751D48428C003E3491 /* Products */ = {
			isa = PBXGroup;
			children = (
				C0A15E741D48428C003E3491 /* GrossmanTom3a.app */,
				C0A15E8D1D48428C003E3491 /* GrossmanTom3aTests.xctest */,
				C0A15E981D48428C003E3491 /* GrossmanTom3aUITests.xctest */,
			);
			name = Products;
			sourceTree = "<group>";
		};
		C0A15E761D48428C003E3491 /* GrossmanTom3a */ = {
			isa = PBXGroup;
			children = (
				C0A15E7A1D48428C003E3491 /* AppDelegate.h */,
				C0A15E7B1D48428C003E3491 /* AppDelegate.m */,
				C0A15E7D1D48428C003E3491 /* ViewController.h */,
				C0A15E7E1D48428C003E3491 /* ViewController.m */,
				C0A15E801D48428C003E3491 /* Main.storyboard */,
				C0A15E831D48428C003E3491 /* Assets.xcassets */,
				C0A15E851D48428C003E3491 /* LaunchScreen.storyboard */,
				C0A15E881D48428C003E3491 /* Info.plist */,
				C0A15E771D48428C003E3491 /* Supporting Files */,
			);
			path = GrossmanTom3a;
			sourceTree = "<group>";
		};
		C0A15E771D48428C003E3491 /* Supporting Files */ = {
			isa = PBXGroup;
			children = (
				C0A15E781D48428C003E3491 /* main.m */,
			);
			name = "Supporting Files";
			sourceTree = "<group>";
		};
		C0A15E901D48428C003E3491 /* GrossmanTom3aTests */ = {
			isa = PBXGroup;
			children = (
				C0A15E911D48428C003E3491 /* GrossmanTom3aTests.m */,
				C0A15E931D48428C003E3491 /* Info.plist */,
			);
			path = GrossmanTom3aTests;
			sourceTree = "<group>";
		};
		C0A15E9B1D48428C003E3491 /* GrossmanTom3aUITests */ = {
			isa = PBXGroup;
			children = (
				C0A15E9C1D48428C003E3491 /* GrossmanTom3aUITests.m */,
				C0A15E9E1D48428C003E3491 /* Info.plist */,
			);
			path = GrossmanTom3aUITests;
			sourceTree = "<group>";
		};
/* End PBXGroup section */

/* Begin PBXNativeTarget section */
		C0A15E731D48428C003E3491 /* GrossmanTom3a */ = {
			isa = PBXNativeTarget;
			buildConfigurationList = C0A15EA11D48428C003E3491 /* Build configuration list for PBXNativeTarget "GrossmanTom3a" */;
			buildPhases = (
				C0A15E701D48428C003E3491 /* Sources */,
				C0A15E711D48428C003E3491 /* Frameworks */,
				C0A15E721D48428C003E3491 /* Resources */,
			);
			buildRules = (
			);
			dependencies = (
			);
			name = GrossmanTom3a;
			productName = GrossmanTom3a;
			productReference = C0A15E741D48428C003E3491 /* GrossmanTom3a.app */;
			productType = "com.apple.product-type.application";
		};
		C0A15E8C1D48428C003E3491 /* GrossmanTom3aTests */ = {
			isa = PBXNativeTarget;
			buildConfigurationList = C0A15EA41D48428C003E3491 /* Build configuration list for PBXNativeTarget "GrossmanTom3aTests" */;
			buildPhases = (
				C0A15E891D48428C003E3491 /* Sources */,
				C0A15E8A1D48428C003E3491 /* Frameworks */,
				C0A15E8B1D48428C003E3491 /* Resources */,
			);
			buildRules = (
			);
			dependencies = (
				C0A15E8F1D48428C003E3491 /* PBXTargetDependency */,
			);
			name = GrossmanTom3aTests;
			productName = GrossmanTom3aTests;
			productReference = C0A15E8D1D48428C003E3491 /* GrossmanTom3aTests.xctest */;
			productType = "com.apple.product-type.bundle.unit-test";
		};
		C0A15E971D48428C003E3491 /* GrossmanTom3aUITests */ = {
			isa = PBXNativeTarget;
			buildConfigurationList = C0A15EA71D48428C003E3491 /* Build configuration list for PBXNativeTarget "GrossmanTom3aUITests" */;
			buildPhases = (
				C0A15E941D48428C003E3491 /* Sources */,
				C0A15E951D48428C003E3491 /* Frameworks */,
				C0A15E961D48428C003E3491 /* Resources */,
			);
			buildRules = (
			);
			dependencies = (
				C0A15E9A1D48428C003E3491 /* PBXTargetDependency */,
			);
			name = GrossmanTom3aUITests;
			productName = GrossmanTom3aUITests;
			productReference = C0A15E981D48428C003E3491 /* GrossmanTom3aUITests.xctest */;
			productType = "com.apple.product-type.bundle.ui-testing";
		};
/* End PBXNativeTarget section */

/* Begin PBXProject section */
		C0A15E6C1D48428C003E3491 /* Project object */ = {
			isa = PBXProject;
			attributes = {
				LastUpgradeCheck = 0710;
				ORGANIZATIONNAME = "Tom Grossman";
				TargetAttributes = {
					C0A15E731D48428C003E3491 = {
						CreatedOnToolsVersion = 7.1.1;
					};
					C0A15E8C1D48428C003E3491 = {
						CreatedOnToolsVersion = 7.1.1;
						TestTargetID = C0A15E731D48428C003E3491;
					};
					C0A15E971D48428C003E3491 = {
						CreatedOnToolsVersion = 7.1.1;
						TestTargetID = C0A15E731D48428C003E3491;
					};
				};
			};
			buildConfigurationList = C0A15E6F1D48428C003E3491 /* Build configuration list for PBXProject "GrossmanTom3a" */;
			compatibilityVersion = "Xcode 3.2";
			developmentRegion = English;
			hasScannedForEncodings = 0;
			knownRegions = (
				en,
				Base,
			);
			mainGroup = C0A15E6B1D48428C003E3491;
			productRefGroup = C0A15E751D48428C003E3491 /* Products */;
			projectDirPath = "";
			projectRoot = "";
			targets = (
				C0A15E731D48428C003E3491 /* GrossmanTom3a */,
				C0A15E8C1D48428C003E3491 /* GrossmanTom3aTests */,
				C0A15E971D48428C003E3491 /* GrossmanTom3aUITests */,
			);
		};
/* End PBXProject section */

/* Begin PBXResourcesBuildPhase section */
		C0A15E721D48428C003E3491 /* Resources */ = {
			isa = PBXResourcesBuildPhase;
			buildActionMask = 2147483647;
			files = (
				C0A15E871D48428C003E3491 /* LaunchScreen.storyboard in Resources */,
				C0A15E841D48428C003E3491 /* Assets.xcassets in Resources */,
				C0A15E821D48428C003E3491 /* Main.storyboard in Resources */,
			);
			runOnlyForDeploymentPostprocessing = 0;
		};
		C0A15E8B1D48428C003E3491 /* Resources */ = {
			isa = PBXResourcesBuildPhase;
			buildActionMask = 2147483647;
			files = (
			);
			runOnlyForDeploymentPostprocessing = 0;
		};
		C0A15E961D48428C003E3491 /* Resources */ = {
			isa = PBXResourcesBuildPhase;
			buildActionMask = 2147483647;
			files = (
			);
			runOnlyForDeploymentPostprocessing = 0;
		};
/* End PBXResourcesBuildPhase section */

/* Begin PBXSourcesBuildPhase section */
		C0A15E701D48428C003E3491 /* Sources */ = {
			isa = PBXSourcesBuildPhase;
			buildActionMask = 2147483647;
			files = (
				C0A15EAC1D484382003E3491 /* AddressCard.m in Sources */,
				C0A15E7F1D48428C003E3491 /* ViewController.m in Sources */,
				C0A15E7C1D48428C003E3491 /* AppDelegate.m in Sources */,
				C0A15E791D48428C003E3491 /* main.m in Sources */,
			);
			runOnlyForDeploymentPostprocessing = 0;
		};
		C0A15E891D48428C003E3491 /* Sources */ = {
			isa = PBXSourcesBuildPhase;
			buildActionMask = 2147483647;
			files = (
				C0A15E921D48428C003E3491 /* GrossmanTom3aTests.m in Sources */,
			);
			runOnlyForDeploymentPostprocessing = 0;
		};
		C0A15E941D48428C003E3491 /* Sources */ = {
			isa = PBXSourcesBuildPhase;
			buildActionMask = 2147483647;
			files = (
				C0A15E9D1D48428C003E3491 /* GrossmanTom3aUITests.m in Sources */,
			);
			runOnlyForDeploymentPostprocessing = 0;
		};
/* End PBXSourcesBuildPhase section */

/* Begin PBXTargetDependency section */
		C0A15E8F1D48428C003E3491 /* PBXTargetDependency */ = {
			isa = PBXTargetDependency;
			target = C0A15E731D48428C003E3491 /* GrossmanTom3a */;
			targetProxy = C0A15E8E1D48428C003E3491 /* PBXContainerItemProxy */;
		};
		C0A15E9A1D48428C003E3491 /* PBXTargetDependency */ = {
			isa = PBXTargetDependency;
			target = C0A15E731D48428C003E3491 /* GrossmanTom3a */;
			targetProxy = C0A15E991D48428C003E3491 /* PBXContainerItemProxy */;
		};
/* End PBXTargetDependency section */

/* Begin PBXVariantGroup section */
		C0A15E801D48428C003E3491 /* Main.storyboard */ = {
			isa = PBXVariantGroup;
			children = (
				C0A15E811D48428C003E3491 /* Base */,
			);
			name = Main.storyboard;
			sourceTree = "<group>";
		};
		C0A15E851D48428C003E3491 /* LaunchScreen.storyboard */ = {
			isa = PBXVariantGroup;
			children = (
				C0A15E861D48428C003E3491 /* Base */,
			);
			name = LaunchScreen.storyboard;
			sourceTree = "<group>";
		};
/* End PBXVariantGroup section */

/* Begin XCBuildConfiguration section */
		C0A15E9F1D48428C003E3491 /* Debug */ = {
			isa = XCBuildConfiguration;
			buildSettings = {
				ALWAYS_SEARCH_USER_PATHS = NO;
				CLANG_CXX_LANGUAGE_STANDARD = "gnu++0x";
				CLANG_CXX_LIBRARY = "libc++";
				CLANG_ENABLE_MODULES = YES;
				CLANG_ENABLE_OBJC_ARC = YES;
				CLANG_WARN_BOOL_CONVERSION = YES;
				CLANG_WARN_CONSTANT_CONVERSION = YES;
				CLANG_WARN_DIRECT_OBJC_ISA_USAGE = YES_ERROR;
				CLANG_WARN_EMPTY_BODY = YES;
				CLANG_WARN_ENUM_CONVERSION = YES;
				CLANG_WARN_INT_CONVERSION = YES;
				CLANG_WARN_OBJC_ROOT_CLASS = YES_ERROR;
				CLANG_WARN_UNREACHABLE_CODE = YES;
				CLANG_WARN__DUPLICATE_METHOD_MATCH = YES;
				"CODE_SIGN_IDENTITY[sdk=iphoneos*]" = "iPhone Developer";
				COPY_PHASE_STRIP = NO;
				DEBUG_INFORMATION_FORMAT = dwarf;
				ENABLE_STRICT_OBJC_MSGSEND = YES;
				ENABLE_TESTABILITY = YES;
				GCC_C_LANGUAGE_STANDARD = gnu99;
				GCC_DYNAMIC_NO_PIC = NO;
				GCC_NO_COMMON_BLOCKS = YES;
				GCC_OPTIMIZATION_LEVEL = 0;
				GCC_PREPROCESSOR_DEFINITIONS = (
					"DEBUG=1",
					"$(inherited)",
				);
				GCC_WARN_64_TO_32_BIT_CONVERSION = YES;
				GCC_WARN_ABOUT_RETURN_TYPE = YES_ERROR;
				GCC_WARN_UNDECLARED_SELECTOR = YES;
				GCC_WARN_UNINITIALIZED_AUTOS = YES_AGGRESSIVE;
				GCC_WARN_UNUSED_FUNCTION = YES;
				GCC_WARN_UNUSED_VARIABLE = YES;
				IPHONEOS_DEPLOYMENT_TARGET = 9.1;
				MTL_ENABLE_DEBUG_INFO = YES;
				ONLY_ACTIVE_ARCH = YES;
				SDKROOT = iphoneos;
			};
			name = Debug;
		};
		C0A15EA01D48428C003E3491 /* Release */ = {
			isa = XCBuildConfiguration;
			buildSettings = {
				ALWAYS_SEARCH_USER_PATHS = NO;
				CLANG_CXX_LANGUAGE_STANDARD = "gnu++0x";
				CLANG_CXX_LIBRARY = "libc++";
				CLANG_ENABLE_MODULES = YES;
				CLANG_ENABLE_OBJC_ARC = YES;
				CLANG_WARN_BOOL_CONVERSION = YES;
				CLANG_WARN_CONSTANT_CONVERSION = YES;
				CLANG_WARN_DIRECT_OBJC_ISA_USAGE = YES_ERROR;
				CLANG_WARN_EMPTY_BODY = YES;
				CLANG_WARN_ENUM_CONVERSION = YES;
				CLANG_WARN_INT_CONVERSION = YES;
				CLANG_WARN_OBJC_ROOT_CLASS = YES_ERROR;
				CLANG_WARN_UNREACHABLE_CODE = YES;
				CLANG_WARN__DUPLICATE_METHOD_MATCH = YES;
				"CODE_SIGN_IDENTITY[sdk=iphoneos*]" = "iPhone Developer";
				COPY_PHASE_STRIP = NO;
				DEBUG_INFORMATION_FORMAT = "dwarf-with-dsym";
				ENABLE_NS_ASSERTIONS = NO;
				ENABLE_STRICT_OBJC_MSGSEND = YES;
				GCC_C_LANGUAGE_STANDARD = gnu99;
				GCC_NO_COMMON_BLOCKS = YES;
				GCC_WARN_64_TO_32_BIT_CONVERSION = YES;
				GCC_WARN_ABOUT_RETURN_TYPE = YES_ERROR;
				GCC_WARN_UNDECLARED_SELECTOR = YES;
				GCC_WARN_UNINITIALIZED_AUTOS = YES_AGGRESSIVE;
				GCC_WARN_UNUSED_FUNCTION = YES;
				GCC_WARN_UNUSED_VARIABLE = YES;
				IPHONEOS_DEPLOYMENT_TARGET = 9.1;
				MTL_ENABLE_DEBUG_INFO = NO;
				SDKROOT = iphoneos;
				VALIDATE_PRODUCT = YES;
			};
			name = Release;
		};
		C0A15EA21D48428C003E3491 /* Debug */ = {
			isa = XCBuildConfiguration;
			buildSettings = {
				ASSETCATALOG_COMPILER_APPICON_NAME = AppIcon;
				INFOPLIST_FILE = GrossmanTom3a/Info.plist;
				LD_RUNPATH_SEARCH_PATHS = "$(inherited) @executable_path/Frameworks";
				PRODUCT_BUNDLE_IDENTIFIER = edu.umsl.GrossmanTom3a;
				PRODUCT_NAME = "$(TARGET_NAME)";
			};
			name = Debug;
		};
		C0A15EA31D48428C003E3491 /* Release */ = {
			isa = XCBuildConfiguration;
			buildSettings = {
				ASSETCATALOG_COMPILER_APPICON_NAME = AppIcon;
				INFOPLIST_FILE = GrossmanTom3a/Info.plist;
				LD_RUNPATH_SEARCH_PATHS = "$(inherited) @executable_path/Frameworks";
				PRODUCT_BUNDLE_IDENTIFIER = edu.umsl.GrossmanTom3a;
				PRODUCT_NAME = "$(TARGET_NAME)";
			};
			name = Release;
		};
		C0A15EA51D48428C003E3491 /* Debug */ = {
			isa = XCBuildConfiguration;
			buildSettings = {
				BUNDLE_LOADER = "$(TEST_HOST)";
				INFOPLIST_FILE = GrossmanTom3aTests/Info.plist;
				LD_RUNPATH_SEARCH_PATHS = "$(inherited) @executable_path/Frameworks @loader_path/Frameworks";
				PRODUCT_BUNDLE_IDENTIFIER = edu.umsl.GrossmanTom3aTests;
				PRODUCT_NAME = "$(TARGET_NAME)";
				TEST_HOST = "$(BUILT_PRODUCTS_DIR)/GrossmanTom3a.app/GrossmanTom3a";
			};
			name = Debug;
		};
		C0A15EA61D48428C003E3491 /* Release */ = {
			isa = XCBuildConfiguration;
			buildSettings = {
				BUNDLE_LOADER = "$(TEST_HOST)";
				INFOPLIST_FILE = GrossmanTom3aTests/Info.plist;
				LD_RUNPATH_SEARCH_PATHS = "$(inherited) @executable_path/Frameworks @loader_path/Frameworks";
				PRODUCT_BUNDLE_IDENTIFIER = edu.umsl.GrossmanTom3aTests;
				PRODUCT_NAME = "$(TARGET_NAME)";
				TEST_HOST = "$(BUILT_PRODUCTS_DIR)/GrossmanTom3a.app/GrossmanTom3a";
			};
			name = Release;
		};
		C0A15EA81D48428C003E3491 /* Debug */ = {
			isa = XCBuildConfiguration;
			buildSettings = {
				INFOPLIST_FILE = GrossmanTom3aUITests/Info.plist;
				LD_RUNPATH_SEARCH_PATHS = "$(inherited) @executable_path/Frameworks @loader_path/Frameworks";
				PRODUCT_BUNDLE_IDENTIFIER = edu.umsl.GrossmanTom3aUITests;
				PRODUCT_NAME = "$(TARGET_NAME)";
				TEST_TARGET_NAME = GrossmanTom3a;
				USES_XCTRUNNER = YES;
			};
			name = Debug;
		};
		C0A15EA91D48428C003E3491 /* Release */ = {
			isa = XCBuildConfiguration;
			buildSettings = {
				INFOPLIST_FILE = GrossmanTom3aUITests/Info.plist;
				LD_RUNPATH_SEARCH_PATHS = "$(inherited) @executable_path/Frameworks @loader_path/Frameworks";
				PRODUCT_BUNDLE_IDENTIFIER = edu.umsl.GrossmanTom3aUITests;
				PRODUCT_NAME = "$(TARGET_NAME)";
				TEST_TARGET_NAME = GrossmanTom3a;
				USES_XCTRUNNER = YES;
			};
			name = Release;
		};
/* End XCBuildConfiguration section */

/* Begin XCConfigurationList section */
		C0A15E6F1D48428C003E3491 /* Build configuration list for PBXProject "GrossmanTom3a" */ = {
			isa = XCConfigurationList;
			buildConfigurations = (
				C0A15E9F1D48428C003E3491 /* Debug */,
				C0A15EA01D48428C003E3491 /* Release */,
			);
			defaultConfigurationIsVisible = 0;
			defaultConfigurationName = Release;
		};
		C0A15EA11D48428C003E3491 /* Build configuration list for PBXNativeTarget "GrossmanTom3a" */ = {
			isa = XCConfigurationList;
			buildConfigurations = (
				C0A15EA21D48428C003E3491 /* Debug */,
				C0A15EA31D48428C003E3491 /* Release */,
			);
			defaultConfigurationIsVisible = 0;
		};
		C0A15EA41D48428C003E3491 /* Build configuration list for PBXNativeTarget "GrossmanTom3aTests" */ = {
			isa = XCConfigurationList;
			buildConfigurations = (
				C0A15EA51D48428C003E3491 /* Debug */,
				C0A15EA61D48428C003E3491 /* Release */,
			);
			defaultConfigurationIsVisible = 0;
		};
		C0A15EA71D48428C003E3491 /* Build configuration list for PBXNativeTarget "GrossmanTom3aUITests" */ = {
			isa = XCConfigurationList;
			buildConfigurations = (
				C0A15EA81D48428C003E3491 /* Debug */,
				C0A15EA91D48428C003E3491 /* Release */,
			);
			defaultConfigurationIsVisible = 0;
		};
/* End XCConfigurationList section */
	};
	rootObject = C0A15E6C1D48428C003E3491 /* Project object */;
}
